// !$*UTF8*$!
{
	archiveVersion = 1;
	classes = {
	};
	objectVersion = 55;
	objects = {

/* Begin PBXBuildFile section */
		0D70CF6828072A0E0042E298 /* NetworkManager.swift in Sources */ = {isa = PBXBuildFile; fileRef = 0D70CF6728072A0E0042E298 /* NetworkManager.swift */; };
		0D70CF6C28072A2A0042E298 /* PostsResponse.swift in Sources */ = {isa = PBXBuildFile; fileRef = 0D70CF6B28072A2A0042E298 /* PostsResponse.swift */; };
		0D70CF7228072A560042E298 /* PostRowView.swift in Sources */ = {isa = PBXBuildFile; fileRef = 0D70CF6D28072A560042E298 /* PostRowView.swift */; };
		0D70CF7328072A560042E298 /* SearchBar.swift in Sources */ = {isa = PBXBuildFile; fileRef = 0D70CF6E28072A560042E298 /* SearchBar.swift */; };
		0D70CF7428072A560042E298 /* EmptyView.swift in Sources */ = {isa = PBXBuildFile; fileRef = 0D70CF6F28072A560042E298 /* EmptyView.swift */; };
		0D70CF7528072A560042E298 /* ActivityIndicator.swift in Sources */ = {isa = PBXBuildFile; fileRef = 0D70CF7028072A560042E298 /* ActivityIndicator.swift */; };
		0D70CF7628072A560042E298 /* LoadingView.swift in Sources */ = {isa = PBXBuildFile; fileRef = 0D70CF7128072A560042E298 /* LoadingView.swift */; };
		0D70CF7828072A8E0042E298 /* PostsListViewModel.swift in Sources */ = {isa = PBXBuildFile; fileRef = 0D70CF7728072A8E0042E298 /* PostsListViewModel.swift */; };
		0D70CF7A28072BC20042E298 /* EmptyStateViewModifier.swift in Sources */ = {isa = PBXBuildFile; fileRef = 0D70CF7928072BC20042E298 /* EmptyStateViewModifier.swift */; };
		0D9156D828072E6900591170 /* Podfile in Resources */ = {isa = PBXBuildFile; fileRef = 0D9156D728072E6900591170 /* Podfile */; };
		0DE9CFE428070F1D00D3878C /* Tests_iOS.swift in Sources */ = {isa = PBXBuildFile; fileRef = 0DE9CFE328070F1D00D3878C /* Tests_iOS.swift */; };
		0DE9CFE628070F1D00D3878C /* Tests_iOSLaunchTests.swift in Sources */ = {isa = PBXBuildFile; fileRef = 0DE9CFE528070F1D00D3878C /* Tests_iOSLaunchTests.swift */; };
		0DE9CFF328070F1D00D3878C /* reddit_chileApp.swift in Sources */ = {isa = PBXBuildFile; fileRef = 0DE9CFCB28070F1A00D3878C /* reddit_chileApp.swift */; };
		0DE9D00E2807199100D3878C /* CameraManager.swift in Sources */ = {isa = PBXBuildFile; fileRef = 0DE9D00B2807199100D3878C /* CameraManager.swift */; };
		0DE9D00F2807199100D3878C /* LocationManager.swift in Sources */ = {isa = PBXBuildFile; fileRef = 0DE9D00C2807199100D3878C /* LocationManager.swift */; };
		0DE9D0102807199100D3878C /* NotificationManager.swift in Sources */ = {isa = PBXBuildFile; fileRef = 0DE9D00D2807199100D3878C /* NotificationManager.swift */; };
		0DE9D016280719CE00D3878C /* CarouselPermissionsView.swift in Sources */ = {isa = PBXBuildFile; fileRef = 0DE9D013280719CE00D3878C /* CarouselPermissionsView.swift */; };
		0DE9D017280719CE00D3878C /* PermissionsTabViewModel.swift in Sources */ = {isa = PBXBuildFile; fileRef = 0DE9D014280719CE00D3878C /* PermissionsTabViewModel.swift */; };
		0DE9D018280719CE00D3878C /* PermissionsTabView.swift in Sources */ = {isa = PBXBuildFile; fileRef = 0DE9D015280719CE00D3878C /* PermissionsTabView.swift */; };
		0DE9D01B28071A7B00D3878C /* BaseButton.swift in Sources */ = {isa = PBXBuildFile; fileRef = 0DE9D01A28071A7B00D3878C /* BaseButton.swift */; };
		0DE9D01E28071A9B00D3878C /* PostsListView.swift in Sources */ = {isa = PBXBuildFile; fileRef = 0DE9D01D28071A9B00D3878C /* PostsListView.swift */; };
		0DE9D02328071B1B00D3878C /* Base.xcassets in Resources */ = {isa = PBXBuildFile; fileRef = 0DE9D02128071B1B00D3878C /* Base.xcassets */; };
		0DE9D02428071B1B00D3878C /* Colors.xcassets in Resources */ = {isa = PBXBuildFile; fileRef = 0DE9D02228071B1B00D3878C /* Colors.xcassets */; };
		0DE9D02828071B2800D3878C /* Localizable.strings in Resources */ = {isa = PBXBuildFile; fileRef = 0DE9D02528071B2800D3878C /* Localizable.strings */; };
		0DE9D02928071B2800D3878C /* R.swift in Sources */ = {isa = PBXBuildFile; fileRef = 0DE9D02628071B2800D3878C /* R.swift */; };
		0DE9D02A28071B2800D3878C /* L10n.swift in Sources */ = {isa = PBXBuildFile; fileRef = 0DE9D02728071B2800D3878C /* L10n.swift */; };
		0DE9D02C28071B5B00D3878C /* Launch Screen.storyboard in Resources */ = {isa = PBXBuildFile; fileRef = 0DE9D02B28071B5B00D3878C /* Launch Screen.storyboard */; };
		0DE9D03028071B9700D3878C /* CustomExtensions.swift in Sources */ = {isa = PBXBuildFile; fileRef = 0DE9D02D28071B9700D3878C /* CustomExtensions.swift */; };
		0DE9D03128071B9700D3878C /* RoundedCorner.swift in Sources */ = {isa = PBXBuildFile; fileRef = 0DE9D02E28071B9700D3878C /* RoundedCorner.swift */; };
		0DE9D03228071B9700D3878C /* CarouselOptions.swift in Sources */ = {isa = PBXBuildFile; fileRef = 0DE9D02F28071B9700D3878C /* CarouselOptions.swift */; };
		149F302CEE9F781316AE84CB /* Pods_reddit_chile__iOS_.framework in Frameworks */ = {isa = PBXBuildFile; fileRef = 4461A3EED7A45AE2CD7DAE8F /* Pods_reddit_chile__iOS_.framework */; };
/* End PBXBuildFile section */

/* Begin PBXContainerItemProxy section */
		0DE9CFE028070F1D00D3878C /* PBXContainerItemProxy */ = {
			isa = PBXContainerItemProxy;
			containerPortal = 0DE9CFC628070F1A00D3878C /* Project object */;
			proxyType = 1;
			remoteGlobalIDString = 0DE9CFD128070F1C00D3878C;
			remoteInfo = "reddit-chile (iOS)";
		};
/* End PBXContainerItemProxy section */

/* Begin PBXFileReference section */
		0D70CF6728072A0E0042E298 /* NetworkManager.swift */ = {isa = PBXFileReference; fileEncoding = 4; lastKnownFileType = sourcecode.swift; path = NetworkManager.swift; sourceTree = "<group>"; };
		0D70CF6B28072A2A0042E298 /* PostsResponse.swift */ = {isa = PBXFileReference; fileEncoding = 4; lastKnownFileType = sourcecode.swift; path = PostsResponse.swift; sourceTree = "<group>"; };
		0D70CF6D28072A560042E298 /* PostRowView.swift */ = {isa = PBXFileReference; fileEncoding = 4; lastKnownFileType = sourcecode.swift; path = PostRowView.swift; sourceTree = "<group>"; };
		0D70CF6E28072A560042E298 /* SearchBar.swift */ = {isa = PBXFileReference; fileEncoding = 4; lastKnownFileType = sourcecode.swift; path = SearchBar.swift; sourceTree = "<group>"; };
		0D70CF6F28072A560042E298 /* EmptyView.swift */ = {isa = PBXFileReference; fileEncoding = 4; lastKnownFileType = sourcecode.swift; path = EmptyView.swift; sourceTree = "<group>"; };
		0D70CF7028072A560042E298 /* ActivityIndicator.swift */ = {isa = PBXFileReference; fileEncoding = 4; lastKnownFileType = sourcecode.swift; path = ActivityIndicator.swift; sourceTree = "<group>"; };
		0D70CF7128072A560042E298 /* LoadingView.swift */ = {isa = PBXFileReference; fileEncoding = 4; lastKnownFileType = sourcecode.swift; path = LoadingView.swift; sourceTree = "<group>"; };
		0D70CF7728072A8E0042E298 /* PostsListViewModel.swift */ = {isa = PBXFileReference; fileEncoding = 4; lastKnownFileType = sourcecode.swift; path = PostsListViewModel.swift; sourceTree = "<group>"; };
		0D70CF7928072BC20042E298 /* EmptyStateViewModifier.swift */ = {isa = PBXFileReference; lastKnownFileType = sourcecode.swift; path = EmptyStateViewModifier.swift; sourceTree = "<group>"; };
		0D9156D728072E6900591170 /* Podfile */ = {isa = PBXFileReference; fileEncoding = 4; lastKnownFileType = text; path = Podfile; sourceTree = SOURCE_ROOT; };
		0DE9CFCB28070F1A00D3878C /* reddit_chileApp.swift */ = {isa = PBXFileReference; lastKnownFileType = sourcecode.swift; path = reddit_chileApp.swift; sourceTree = "<group>"; };
		0DE9CFD228070F1C00D3878C /* reddit-chile.app */ = {isa = PBXFileReference; explicitFileType = wrapper.application; includeInIndex = 0; path = "reddit-chile.app"; sourceTree = BUILT_PRODUCTS_DIR; };
		0DE9CFDF28070F1D00D3878C /* Tests iOS.xctest */ = {isa = PBXFileReference; explicitFileType = wrapper.cfbundle; includeInIndex = 0; path = "Tests iOS.xctest"; sourceTree = BUILT_PRODUCTS_DIR; };
		0DE9CFE328070F1D00D3878C /* Tests_iOS.swift */ = {isa = PBXFileReference; lastKnownFileType = sourcecode.swift; path = Tests_iOS.swift; sourceTree = "<group>"; };
		0DE9CFE528070F1D00D3878C /* Tests_iOSLaunchTests.swift */ = {isa = PBXFileReference; lastKnownFileType = sourcecode.swift; path = Tests_iOSLaunchTests.swift; sourceTree = "<group>"; };
		0DE9D00B2807199100D3878C /* CameraManager.swift */ = {isa = PBXFileReference; fileEncoding = 4; lastKnownFileType = sourcecode.swift; path = CameraManager.swift; sourceTree = "<group>"; };
		0DE9D00C2807199100D3878C /* LocationManager.swift */ = {isa = PBXFileReference; fileEncoding = 4; lastKnownFileType = sourcecode.swift; path = LocationManager.swift; sourceTree = "<group>"; };
		0DE9D00D2807199100D3878C /* NotificationManager.swift */ = {isa = PBXFileReference; fileEncoding = 4; lastKnownFileType = sourcecode.swift; path = NotificationManager.swift; sourceTree = "<group>"; };
		0DE9D013280719CE00D3878C /* CarouselPermissionsView.swift */ = {isa = PBXFileReference; fileEncoding = 4; lastKnownFileType = sourcecode.swift; path = CarouselPermissionsView.swift; sourceTree = "<group>"; };
		0DE9D014280719CE00D3878C /* PermissionsTabViewModel.swift */ = {isa = PBXFileReference; fileEncoding = 4; lastKnownFileType = sourcecode.swift; path = PermissionsTabViewModel.swift; sourceTree = "<group>"; };
		0DE9D015280719CE00D3878C /* PermissionsTabView.swift */ = {isa = PBXFileReference; fileEncoding = 4; lastKnownFileType = sourcecode.swift; path = PermissionsTabView.swift; sourceTree = "<group>"; };
		0DE9D01A28071A7B00D3878C /* BaseButton.swift */ = {isa = PBXFileReference; fileEncoding = 4; lastKnownFileType = sourcecode.swift; path = BaseButton.swift; sourceTree = "<group>"; };
		0DE9D01D28071A9B00D3878C /* PostsListView.swift */ = {isa = PBXFileReference; fileEncoding = 4; lastKnownFileType = sourcecode.swift; path = PostsListView.swift; sourceTree = "<group>"; };
		0DE9D02128071B1B00D3878C /* Base.xcassets */ = {isa = PBXFileReference; lastKnownFileType = folder.assetcatalog; path = Base.xcassets; sourceTree = "<group>"; };
		0DE9D02228071B1B00D3878C /* Colors.xcassets */ = {isa = PBXFileReference; lastKnownFileType = folder.assetcatalog; path = Colors.xcassets; sourceTree = "<group>"; };
		0DE9D02528071B2800D3878C /* Localizable.strings */ = {isa = PBXFileReference; fileEncoding = 4; lastKnownFileType = text.plist.strings; path = Localizable.strings; sourceTree = "<group>"; };
		0DE9D02628071B2800D3878C /* R.swift */ = {isa = PBXFileReference; fileEncoding = 4; lastKnownFileType = sourcecode.swift; path = R.swift; sourceTree = "<group>"; };
		0DE9D02728071B2800D3878C /* L10n.swift */ = {isa = PBXFileReference; fileEncoding = 4; lastKnownFileType = sourcecode.swift; path = L10n.swift; sourceTree = "<group>"; };
		0DE9D02B28071B5B00D3878C /* Launch Screen.storyboard */ = {isa = PBXFileReference; fileEncoding = 4; lastKnownFileType = file.storyboard; path = "Launch Screen.storyboard"; sourceTree = "<group>"; };
		0DE9D02D28071B9700D3878C /* CustomExtensions.swift */ = {isa = PBXFileReference; fileEncoding = 4; lastKnownFileType = sourcecode.swift; path = CustomExtensions.swift; sourceTree = "<group>"; };
		0DE9D02E28071B9700D3878C /* RoundedCorner.swift */ = {isa = PBXFileReference; fileEncoding = 4; lastKnownFileType = sourcecode.swift; path = RoundedCorner.swift; sourceTree = "<group>"; };
		0DE9D02F28071B9700D3878C /* CarouselOptions.swift */ = {isa = PBXFileReference; fileEncoding = 4; lastKnownFileType = sourcecode.swift; path = CarouselOptions.swift; sourceTree = "<group>"; };
		4461A3EED7A45AE2CD7DAE8F /* Pods_reddit_chile__iOS_.framework */ = {isa = PBXFileReference; explicitFileType = wrapper.framework; includeInIndex = 0; path = Pods_reddit_chile__iOS_.framework; sourceTree = BUILT_PRODUCTS_DIR; };
		D00E9B50F2094E031E33DCEE /* Pods-reddit-chile (iOS).debug.xcconfig */ = {isa = PBXFileReference; includeInIndex = 1; lastKnownFileType = text.xcconfig; name = "Pods-reddit-chile (iOS).debug.xcconfig"; path = "Target Support Files/Pods-reddit-chile (iOS)/Pods-reddit-chile (iOS).debug.xcconfig"; sourceTree = "<group>"; };
		D733EFCA1E5A556EAF69261C /* Pods-reddit-chile (iOS).release.xcconfig */ = {isa = PBXFileReference; includeInIndex = 1; lastKnownFileType = text.xcconfig; name = "Pods-reddit-chile (iOS).release.xcconfig"; path = "Target Support Files/Pods-reddit-chile (iOS)/Pods-reddit-chile (iOS).release.xcconfig"; sourceTree = "<group>"; };
/* End PBXFileReference section */

/* Begin PBXFrameworksBuildPhase section */
		0DE9CFCF28070F1C00D3878C /* Frameworks */ = {
			isa = PBXFrameworksBuildPhase;
			buildActionMask = 2147483647;
			files = (
				149F302CEE9F781316AE84CB /* Pods_reddit_chile__iOS_.framework in Frameworks */,
			);
			runOnlyForDeploymentPostprocessing = 0;
		};
		0DE9CFDC28070F1D00D3878C /* Frameworks */ = {
			isa = PBXFrameworksBuildPhase;
			buildActionMask = 2147483647;
			files = (
			);
			runOnlyForDeploymentPostprocessing = 0;
		};
/* End PBXFrameworksBuildPhase section */

/* Begin PBXGroup section */
		0D70CF6628072A030042E298 /* Networking */ = {
			isa = PBXGroup;
			children = (
				0D70CF6728072A0E0042E298 /* NetworkManager.swift */,
			);
			path = Networking;
			sourceTree = "<group>";
		};
		0D70CF6928072A180042E298 /* Models */ = {
			isa = PBXGroup;
			children = (
				0D70CF6A28072A1F0042E298 /* Response */,
			);
			path = Models;
			sourceTree = "<group>";
		};
		0D70CF6A28072A1F0042E298 /* Response */ = {
			isa = PBXGroup;
			children = (
				0D70CF6B28072A2A0042E298 /* PostsResponse.swift */,
			);
			path = Response;
			sourceTree = "<group>";
		};
		0DE9CFC528070F1A00D3878C = {
			isa = PBXGroup;
			children = (
				0DE9CFCA28070F1A00D3878C /* Shared */,
				0DE9CFE228070F1D00D3878C /* Tests iOS */,
				0DE9CFD328070F1C00D3878C /* Products */,
				4F3EA4DDC9EAAA833DF1C5F3 /* Pods */,
				4A9453087F281D65CC99627E /* Frameworks */,
			);
			sourceTree = "<group>";
		};
		0DE9CFCA28070F1A00D3878C /* Shared */ = {
			isa = PBXGroup;
			children = (
				0D9156D728072E6900591170 /* Podfile */,
				0D70CF6928072A180042E298 /* Models */,
				0D70CF6628072A030042E298 /* Networking */,
				0DE9D01F28071AFF00D3878C /* Resources */,
				0DE9D0072807196900D3878C /* Utils */,
				0DE9D011280719AB00D3878C /* Views */,
				0DE9CFCB28070F1A00D3878C /* reddit_chileApp.swift */,
				0DE9D02B28071B5B00D3878C /* Launch Screen.storyboard */,
			);
			path = Shared;
			sourceTree = "<group>";
		};
		0DE9CFD328070F1C00D3878C /* Products */ = {
			isa = PBXGroup;
			children = (
				0DE9CFD228070F1C00D3878C /* reddit-chile.app */,
				0DE9CFDF28070F1D00D3878C /* Tests iOS.xctest */,
			);
			name = Products;
			sourceTree = "<group>";
		};
		0DE9CFE228070F1D00D3878C /* Tests iOS */ = {
			isa = PBXGroup;
			children = (
				0DE9CFE328070F1D00D3878C /* Tests_iOS.swift */,
				0DE9CFE528070F1D00D3878C /* Tests_iOSLaunchTests.swift */,
			);
			path = "Tests iOS";
			sourceTree = "<group>";
		};
		0DE9D0072807196900D3878C /* Utils */ = {
			isa = PBXGroup;
			children = (
				0DE9D019280719FB00D3878C /* CustomViews */,
				0DE9D00A2807198800D3878C /* CustomManagers */,
				0DE9D02F28071B9700D3878C /* CarouselOptions.swift */,
				0DE9D02D28071B9700D3878C /* CustomExtensions.swift */,
				0DE9D02E28071B9700D3878C /* RoundedCorner.swift */,
				0D70CF7928072BC20042E298 /* EmptyStateViewModifier.swift */,
			);
			path = Utils;
			sourceTree = "<group>";
		};
		0DE9D00A2807198800D3878C /* CustomManagers */ = {
			isa = PBXGroup;
			children = (
				0DE9D00B2807199100D3878C /* CameraManager.swift */,
				0DE9D00C2807199100D3878C /* LocationManager.swift */,
				0DE9D00D2807199100D3878C /* NotificationManager.swift */,
			);
			path = CustomManagers;
			sourceTree = "<group>";
		};
		0DE9D011280719AB00D3878C /* Views */ = {
			isa = PBXGroup;
			children = (
				0DE9D01C28071A8300D3878C /* Posts */,
				0DE9D012280719BE00D3878C /* Carousel */,
			);
			path = Views;
			sourceTree = "<group>";
		};
		0DE9D012280719BE00D3878C /* Carousel */ = {
			isa = PBXGroup;
			children = (
				0DE9D013280719CE00D3878C /* CarouselPermissionsView.swift */,
				0DE9D015280719CE00D3878C /* PermissionsTabView.swift */,
				0DE9D014280719CE00D3878C /* PermissionsTabViewModel.swift */,
			);
			path = Carousel;
			sourceTree = "<group>";
		};
		0DE9D019280719FB00D3878C /* CustomViews */ = {
			isa = PBXGroup;
			children = (
				0D70CF7028072A560042E298 /* ActivityIndicator.swift */,
				0D70CF6F28072A560042E298 /* EmptyView.swift */,
				0D70CF7128072A560042E298 /* LoadingView.swift */,
				0D70CF6D28072A560042E298 /* PostRowView.swift */,
				0D70CF6E28072A560042E298 /* SearchBar.swift */,
				0DE9D01A28071A7B00D3878C /* BaseButton.swift */,
			);
			path = CustomViews;
			sourceTree = "<group>";
		};
		0DE9D01C28071A8300D3878C /* Posts */ = {
			isa = PBXGroup;
			children = (
				0DE9D01D28071A9B00D3878C /* PostsListView.swift */,
				0D70CF7728072A8E0042E298 /* PostsListViewModel.swift */,
			);
			path = Posts;
			sourceTree = "<group>";
		};
		0DE9D01F28071AFF00D3878C /* Resources */ = {
			isa = PBXGroup;
			children = (
				0DE9D02028071B0E00D3878C /* Assets */,
				0DE9D02628071B2800D3878C /* R.swift */,
				0DE9D02728071B2800D3878C /* L10n.swift */,
				0DE9D02528071B2800D3878C /* Localizable.strings */,
			);
			path = Resources;
			sourceTree = "<group>";
		};
		0DE9D02028071B0E00D3878C /* Assets */ = {
			isa = PBXGroup;
			children = (
				0DE9D02128071B1B00D3878C /* Base.xcassets */,
				0DE9D02228071B1B00D3878C /* Colors.xcassets */,
			);
			path = Assets;
			sourceTree = "<group>";
		};
		4A9453087F281D65CC99627E /* Frameworks */ = {
			isa = PBXGroup;
			children = (
				4461A3EED7A45AE2CD7DAE8F /* Pods_reddit_chile__iOS_.framework */,
			);
			name = Frameworks;
			sourceTree = "<group>";
		};
		4F3EA4DDC9EAAA833DF1C5F3 /* Pods */ = {
			isa = PBXGroup;
			children = (
				D00E9B50F2094E031E33DCEE /* Pods-reddit-chile (iOS).debug.xcconfig */,
				D733EFCA1E5A556EAF69261C /* Pods-reddit-chile (iOS).release.xcconfig */,
			);
			path = Pods;
			sourceTree = "<group>";
		};
/* End PBXGroup section */

/* Begin PBXNativeTarget section */
		0DE9CFD128070F1C00D3878C /* reddit-chile (iOS) */ = {
			isa = PBXNativeTarget;
			buildConfigurationList = 0DE9CFFB28070F1D00D3878C /* Build configuration list for PBXNativeTarget "reddit-chile (iOS)" */;
			buildPhases = (
				6C9E2479FAA5C03282E147C6 /* [CP] Check Pods Manifest.lock */,
				0DE9CFCE28070F1C00D3878C /* Sources */,
				0DE9CFCF28070F1C00D3878C /* Frameworks */,
				0DE9CFD028070F1C00D3878C /* Resources */,
				6572C150E9BA55FCF07B62B2 /* [CP] Embed Pods Frameworks */,
			);
			buildRules = (
			);
			dependencies = (
			);
			name = "reddit-chile (iOS)";
			productName = "reddit-chile (iOS)";
			productReference = 0DE9CFD228070F1C00D3878C /* reddit-chile.app */;
			productType = "com.apple.product-type.application";
		};
		0DE9CFDE28070F1D00D3878C /* Tests iOS */ = {
			isa = PBXNativeTarget;
			buildConfigurationList = 0DE9D00128070F1D00D3878C /* Build configuration list for PBXNativeTarget "Tests iOS" */;
			buildPhases = (
				0DE9CFDB28070F1D00D3878C /* Sources */,
				0DE9CFDC28070F1D00D3878C /* Frameworks */,
				0DE9CFDD28070F1D00D3878C /* Resources */,
			);
			buildRules = (
			);
			dependencies = (
				0DE9CFE128070F1D00D3878C /* PBXTargetDependency */,
			);
			name = "Tests iOS";
			productName = "Tests iOS";
			productReference = 0DE9CFDF28070F1D00D3878C /* Tests iOS.xctest */;
			productType = "com.apple.product-type.bundle.ui-testing";
		};
/* End PBXNativeTarget section */

/* Begin PBXProject section */
		0DE9CFC628070F1A00D3878C /* Project object */ = {
			isa = PBXProject;
			attributes = {
				BuildIndependentTargetsInParallel = 1;
				LastSwiftUpdateCheck = 1320;
				LastUpgradeCheck = 1320;
				TargetAttributes = {
					0DE9CFD128070F1C00D3878C = {
						CreatedOnToolsVersion = 13.2;
					};
					0DE9CFDE28070F1D00D3878C = {
						CreatedOnToolsVersion = 13.2;
						TestTargetID = 0DE9CFD128070F1C00D3878C;
					};
				};
			};
			buildConfigurationList = 0DE9CFC928070F1A00D3878C /* Build configuration list for PBXProject "reddit-chile" */;
			compatibilityVersion = "Xcode 13.0";
			developmentRegion = en;
			hasScannedForEncodings = 0;
			knownRegions = (
				en,
				Base,
			);
			mainGroup = 0DE9CFC528070F1A00D3878C;
			productRefGroup = 0DE9CFD328070F1C00D3878C /* Products */;
			projectDirPath = "";
			projectRoot = "";
			targets = (
				0DE9CFD128070F1C00D3878C /* reddit-chile (iOS) */,
				0DE9CFDE28070F1D00D3878C /* Tests iOS */,
			);
		};
/* End PBXProject section */

/* Begin PBXResourcesBuildPhase section */
		0DE9CFD028070F1C00D3878C /* Resources */ = {
			isa = PBXResourcesBuildPhase;
			buildActionMask = 2147483647;
			files = (
				0D9156D828072E6900591170 /* Podfile in Resources */,
				0DE9D02428071B1B00D3878C /* Colors.xcassets in Resources */,
				0DE9D02828071B2800D3878C /* Localizable.strings in Resources */,
				0DE9D02328071B1B00D3878C /* Base.xcassets in Resources */,
				0DE9D02C28071B5B00D3878C /* Launch Screen.storyboard in Resources */,
			);
			runOnlyForDeploymentPostprocessing = 0;
		};
		0DE9CFDD28070F1D00D3878C /* Resources */ = {
			isa = PBXResourcesBuildPhase;
			buildActionMask = 2147483647;
			files = (
			);
			runOnlyForDeploymentPostprocessing = 0;
		};
/* End PBXResourcesBuildPhase section */

/* Begin PBXShellScriptBuildPhase section */
		6572C150E9BA55FCF07B62B2 /* [CP] Embed Pods Frameworks */ = {
			isa = PBXShellScriptBuildPhase;
			buildActionMask = 2147483647;
			files = (
			);
			inputFileListPaths = (
				"${PODS_ROOT}/Target Support Files/Pods-reddit-chile (iOS)/Pods-reddit-chile (iOS)-frameworks-${CONFIGURATION}-input-files.xcfilelist",
			);
			name = "[CP] Embed Pods Frameworks";
			outputFileListPaths = (
				"${PODS_ROOT}/Target Support Files/Pods-reddit-chile (iOS)/Pods-reddit-chile (iOS)-frameworks-${CONFIGURATION}-output-files.xcfilelist",
			);
			runOnlyForDeploymentPostprocessing = 0;
			shellPath = /bin/sh;
			shellScript = "\"${PODS_ROOT}/Target Support Files/Pods-reddit-chile (iOS)/Pods-reddit-chile (iOS)-frameworks.sh\"\n";
			showEnvVarsInLog = 0;
		};
		6C9E2479FAA5C03282E147C6 /* [CP] Check Pods Manifest.lock */ = {
			isa = PBXShellScriptBuildPhase;
			buildActionMask = 2147483647;
			files = (
			);
			inputFileListPaths = (
			);
			inputPaths = (
				"${PODS_PODFILE_DIR_PATH}/Podfile.lock",
				"${PODS_ROOT}/Manifest.lock",
			);
			name = "[CP] Check Pods Manifest.lock";
			outputFileListPaths = (
			);
			outputPaths = (
				"$(DERIVED_FILE_DIR)/Pods-reddit-chile (iOS)-checkManifestLockResult.txt",
			);
			runOnlyForDeploymentPostprocessing = 0;
			shellPath = /bin/sh;
			shellScript = "diff \"${PODS_PODFILE_DIR_PATH}/Podfile.lock\" \"${PODS_ROOT}/Manifest.lock\" > /dev/null\nif [ $? != 0 ] ; then\n    # print error to STDERR\n    echo \"error: The sandbox is not in sync with the Podfile.lock. Run 'pod install' or update your CocoaPods installation.\" >&2\n    exit 1\nfi\n# This output is used by Xcode 'outputs' to avoid re-running this script phase.\necho \"SUCCESS\" > \"${SCRIPT_OUTPUT_FILE_0}\"\n";
			showEnvVarsInLog = 0;
		};
/* End PBXShellScriptBuildPhase section */

/* Begin PBXSourcesBuildPhase section */
		0DE9CFCE28070F1C00D3878C /* Sources */ = {
			isa = PBXSourcesBuildPhase;
			buildActionMask = 2147483647;
			files = (
				0DE9D03028071B9700D3878C /* CustomExtensions.swift in Sources */,
				0DE9D00F2807199100D3878C /* LocationManager.swift in Sources */,
				0DE9D018280719CE00D3878C /* PermissionsTabView.swift in Sources */,
				0DE9D016280719CE00D3878C /* CarouselPermissionsView.swift in Sources */,
				0D70CF7828072A8E0042E298 /* PostsListViewModel.swift in Sources */,
				0DE9D03128071B9700D3878C /* RoundedCorner.swift in Sources */,
				0D70CF7628072A560042E298 /* LoadingView.swift in Sources */,
				0D70CF7428072A560042E298 /* EmptyView.swift in Sources */,
				0D70CF7328072A560042E298 /* SearchBar.swift in Sources */,
				0D70CF7A28072BC20042E298 /* EmptyStateViewModifier.swift in Sources */,
				0DE9D017280719CE00D3878C /* PermissionsTabViewModel.swift in Sources */,
				0D70CF6C28072A2A0042E298 /* PostsResponse.swift in Sources */,
				0DE9D01B28071A7B00D3878C /* BaseButton.swift in Sources */,
				0DE9D0102807199100D3878C /* NotificationManager.swift in Sources */,
				0DE9D03228071B9700D3878C /* CarouselOptions.swift in Sources */,
				0D70CF7228072A560042E298 /* PostRowView.swift in Sources */,
				0DE9D00E2807199100D3878C /* CameraManager.swift in Sources */,
				0DE9D02A28071B2800D3878C /* L10n.swift in Sources */,
				0DE9D01E28071A9B00D3878C /* PostsListView.swift in Sources */,
				0D70CF7528072A560042E298 /* ActivityIndicator.swift in Sources */,
				0D70CF6828072A0E0042E298 /* NetworkManager.swift in Sources */,
				0DE9CFF328070F1D00D3878C /* reddit_chileApp.swift in Sources */,
				0DE9D02928071B2800D3878C /* R.swift in Sources */,
			);
			runOnlyForDeploymentPostprocessing = 0;
		};
		0DE9CFDB28070F1D00D3878C /* Sources */ = {
			isa = PBXSourcesBuildPhase;
			buildActionMask = 2147483647;
			files = (
				0DE9CFE628070F1D00D3878C /* Tests_iOSLaunchTests.swift in Sources */,
				0DE9CFE428070F1D00D3878C /* Tests_iOS.swift in Sources */,
			);
			runOnlyForDeploymentPostprocessing = 0;
		};
/* End PBXSourcesBuildPhase section */

/* Begin PBXTargetDependency section */
		0DE9CFE128070F1D00D3878C /* PBXTargetDependency */ = {
			isa = PBXTargetDependency;
			target = 0DE9CFD128070F1C00D3878C /* reddit-chile (iOS) */;
			targetProxy = 0DE9CFE028070F1D00D3878C /* PBXContainerItemProxy */;
		};
/* End PBXTargetDependency section */

/* Begin XCBuildConfiguration section */
		0DE9CFF928070F1D00D3878C /* Debug */ = {
			isa = XCBuildConfiguration;
			buildSettings = {
				ALWAYS_SEARCH_USER_PATHS = NO;
				CLANG_ANALYZER_NONNULL = YES;
				CLANG_ANALYZER_NUMBER_OBJECT_CONVERSION = YES_AGGRESSIVE;
				CLANG_CXX_LANGUAGE_STANDARD = "gnu++17";
				CLANG_CXX_LIBRARY = "libc++";
				CLANG_ENABLE_MODULES = YES;
				CLANG_ENABLE_OBJC_ARC = YES;
				CLANG_ENABLE_OBJC_WEAK = YES;
				CLANG_WARN_BLOCK_CAPTURE_AUTORELEASING = YES;
				CLANG_WARN_BOOL_CONVERSION = YES;
				CLANG_WARN_COMMA = YES;
				CLANG_WARN_CONSTANT_CONVERSION = YES;
				CLANG_WARN_DEPRECATED_OBJC_IMPLEMENTATIONS = YES;
				CLANG_WARN_DIRECT_OBJC_ISA_USAGE = YES_ERROR;
				CLANG_WARN_DOCUMENTATION_COMMENTS = YES;
				CLANG_WARN_EMPTY_BODY = YES;
				CLANG_WARN_ENUM_CONVERSION = YES;
				CLANG_WARN_INFINITE_RECURSION = YES;
				CLANG_WARN_INT_CONVERSION = YES;
				CLANG_WARN_NON_LITERAL_NULL_CONVERSION = YES;
				CLANG_WARN_OBJC_IMPLICIT_RETAIN_SELF = YES;
				CLANG_WARN_OBJC_LITERAL_CONVERSION = YES;
				CLANG_WARN_OBJC_ROOT_CLASS = YES_ERROR;
				CLANG_WARN_QUOTED_INCLUDE_IN_FRAMEWORK_HEADER = YES;
				CLANG_WARN_RANGE_LOOP_ANALYSIS = YES;
				CLANG_WARN_STRICT_PROTOTYPES = YES;
				CLANG_WARN_SUSPICIOUS_MOVE = YES;
				CLANG_WARN_UNGUARDED_AVAILABILITY = YES_AGGRESSIVE;
				CLANG_WARN_UNREACHABLE_CODE = YES;
				CLANG_WARN__DUPLICATE_METHOD_MATCH = YES;
				COPY_PHASE_STRIP = NO;
				DEBUG_INFORMATION_FORMAT = dwarf;
				ENABLE_STRICT_OBJC_MSGSEND = YES;
				ENABLE_TESTABILITY = YES;
				GCC_C_LANGUAGE_STANDARD = gnu11;
				GCC_DYNAMIC_NO_PIC = NO;
				GCC_NO_COMMON_BLOCKS = YES;
				GCC_OPTIMIZATION_LEVEL = 0;
				GCC_PREPROCESSOR_DEFINITIONS = (
					"DEBUG=1",
					"$(inherited)",
				);
				GCC_WARN_64_TO_32_BIT_CONVERSION = YES;
				GCC_WARN_ABOUT_RETURN_TYPE = YES_ERROR;
				GCC_WARN_UNDECLARED_SELECTOR = YES;
				GCC_WARN_UNINITIALIZED_AUTOS = YES_AGGRESSIVE;
				GCC_WARN_UNUSED_FUNCTION = YES;
				GCC_WARN_UNUSED_VARIABLE = YES;
				MTL_ENABLE_DEBUG_INFO = INCLUDE_SOURCE;
				MTL_FAST_MATH = YES;
				ONLY_ACTIVE_ARCH = YES;
				SWIFT_ACTIVE_COMPILATION_CONDITIONS = DEBUG;
				SWIFT_OPTIMIZATION_LEVEL = "-Onone";
			};
			name = Debug;
		};
		0DE9CFFA28070F1D00D3878C /* Release */ = {
			isa = XCBuildConfiguration;
			buildSettings = {
				ALWAYS_SEARCH_USER_PATHS = NO;
				CLANG_ANALYZER_NONNULL = YES;
				CLANG_ANALYZER_NUMBER_OBJECT_CONVERSION = YES_AGGRESSIVE;
				CLANG_CXX_LANGUAGE_STANDARD = "gnu++17";
				CLANG_CXX_LIBRARY = "libc++";
				CLANG_ENABLE_MODULES = YES;
				CLANG_ENABLE_OBJC_ARC = YES;
				CLANG_ENABLE_OBJC_WEAK = YES;
				CLANG_WARN_BLOCK_CAPTURE_AUTORELEASING = YES;
				CLANG_WARN_BOOL_CONVERSION = YES;
				CLANG_WARN_COMMA = YES;
				CLANG_WARN_CONSTANT_CONVERSION = YES;
				CLANG_WARN_DEPRECATED_OBJC_IMPLEMENTATIONS = YES;
				CLANG_WARN_DIRECT_OBJC_ISA_USAGE = YES_ERROR;
				CLANG_WARN_DOCUMENTATION_COMMENTS = YES;
				CLANG_WARN_EMPTY_BODY = YES;
				CLANG_WARN_ENUM_CONVERSION = YES;
				CLANG_WARN_INFINITE_RECURSION = YES;
				CLANG_WARN_INT_CONVERSION = YES;
				CLANG_WARN_NON_LITERAL_NULL_CONVERSION = YES;
				CLANG_WARN_OBJC_IMPLICIT_RETAIN_SELF = YES;
				CLANG_WARN_OBJC_LITERAL_CONVERSION = YES;
				CLANG_WARN_OBJC_ROOT_CLASS = YES_ERROR;
				CLANG_WARN_QUOTED_INCLUDE_IN_FRAMEWORK_HEADER = YES;
				CLANG_WARN_RANGE_LOOP_ANALYSIS = YES;
				CLANG_WARN_STRICT_PROTOTYPES = YES;
				CLANG_WARN_SUSPICIOUS_MOVE = YES;
				CLANG_WARN_UNGUARDED_AVAILABILITY = YES_AGGRESSIVE;
				CLANG_WARN_UNREACHABLE_CODE = YES;
				CLANG_WARN__DUPLICATE_METHOD_MATCH = YES;
				COPY_PHASE_STRIP = NO;
				DEBUG_INFORMATION_FORMAT = "dwarf-with-dsym";
				ENABLE_NS_ASSERTIONS = NO;
				ENABLE_STRICT_OBJC_MSGSEND = YES;
				GCC_C_LANGUAGE_STANDARD = gnu11;
				GCC_NO_COMMON_BLOCKS = YES;
				GCC_WARN_64_TO_32_BIT_CONVERSION = YES;
				GCC_WARN_ABOUT_RETURN_TYPE = YES_ERROR;
				GCC_WARN_UNDECLARED_SELECTOR = YES;
				GCC_WARN_UNINITIALIZED_AUTOS = YES_AGGRESSIVE;
				GCC_WARN_UNUSED_FUNCTION = YES;
				GCC_WARN_UNUSED_VARIABLE = YES;
				MTL_ENABLE_DEBUG_INFO = NO;
				MTL_FAST_MATH = YES;
				SWIFT_COMPILATION_MODE = wholemodule;
				SWIFT_OPTIMIZATION_LEVEL = "-O";
			};
			name = Release;
		};
		0DE9CFFC28070F1D00D3878C /* Debug */ = {
			isa = XCBuildConfiguration;
			baseConfigurationReference = D00E9B50F2094E031E33DCEE /* Pods-reddit-chile (iOS).debug.xcconfig */;
			buildSettings = {
				ASSETCATALOG_COMPILER_APPICON_NAME = AppIcon;
				ASSETCATALOG_COMPILER_GLOBAL_ACCENT_COLOR_NAME = AccentColor;
				CODE_SIGN_STYLE = Automatic;
				CURRENT_PROJECT_VERSION = 1;
				ENABLE_PREVIEWS = YES;
				GENERATE_INFOPLIST_FILE = YES;
				INFOPLIST_KEY_NSCameraUsageDescription = "Grant access to camera";
				INFOPLIST_KEY_NSLocationWhenInUseUsageDescription = "Grant access to location";
				INFOPLIST_KEY_UIApplicationSceneManifest_Generation = YES;
				INFOPLIST_KEY_UIApplicationSupportsIndirectInputEvents = YES;
				INFOPLIST_KEY_UILaunchScreen_Generation = YES;
				INFOPLIST_KEY_UILaunchStoryboardName = "Launch Screen";
				INFOPLIST_KEY_UISupportedInterfaceOrientations_iPad = "UIInterfaceOrientationPortrait UIInterfaceOrientationPortraitUpsideDown UIInterfaceOrientationLandscapeLeft UIInterfaceOrientationLandscapeRight";
				INFOPLIST_KEY_UISupportedInterfaceOrientations_iPhone = "UIInterfaceOrientationPortrait UIInterfaceOrientationLandscapeLeft UIInterfaceOrientationLandscapeRight";
				IPHONEOS_DEPLOYMENT_TARGET = 15.2;
				LD_RUNPATH_SEARCH_PATHS = (
					"$(inherited)",
					"@executable_path/Frameworks",
				);
				MARKETING_VERSION = 1.0;
				PRODUCT_BUNDLE_IDENTIFIER = "com.bch.reddit-chile";
				PRODUCT_NAME = "reddit-chile";
				SDKROOT = iphoneos;
				SWIFT_EMIT_LOC_STRINGS = YES;
				SWIFT_VERSION = 5.0;
				TARGETED_DEVICE_FAMILY = 1;
			};
			name = Debug;
		};
		0DE9CFFD28070F1D00D3878C /* Release */ = {
			isa = XCBuildConfiguration;
			baseConfigurationReference = D733EFCA1E5A556EAF69261C /* Pods-reddit-chile (iOS).release.xcconfig */;
			buildSettings = {
				ASSETCATALOG_COMPILER_APPICON_NAME = AppIcon;
				ASSETCATALOG_COMPILER_GLOBAL_ACCENT_COLOR_NAME = AccentColor;
				CODE_SIGN_STYLE = Automatic;
				CURRENT_PROJECT_VERSION = 1;
				ENABLE_PREVIEWS = YES;
				GENERATE_INFOPLIST_FILE = YES;
				INFOPLIST_KEY_NSCameraUsageDescription = "Grant access to camera";
				INFOPLIST_KEY_NSLocationWhenInUseUsageDescription = "Grant access to location";
				INFOPLIST_KEY_UIApplicationSceneManifest_Generation = YES;
				INFOPLIST_KEY_UIApplicationSupportsIndirectInputEvents = YES;
				INFOPLIST_KEY_UILaunchScreen_Generation = YES;
				INFOPLIST_KEY_UILaunchStoryboardName = "Launch Screen";
				INFOPLIST_KEY_UISupportedInterfaceOrientations_iPad = "UIInterfaceOrientationPortrait UIInterfaceOrientationPortraitUpsideDown UIInterfaceOrientationLandscapeLeft UIInterfaceOrientationLandscapeRight";
				INFOPLIST_KEY_UISupportedInterfaceOrientations_iPhone = "UIInterfaceOrientationPortrait UIInterfaceOrientationLandscapeLeft UIInterfaceOrientationLandscapeRight";
				IPHONEOS_DEPLOYMENT_TARGET = 15.2;
				LD_RUNPATH_SEARCH_PATHS = (
					"$(inherited)",
					"@executable_path/Frameworks",
				);
				MARKETING_VERSION = 1.0;
				PRODUCT_BUNDLE_IDENTIFIER = "com.bch.reddit-chile";
				PRODUCT_NAME = "reddit-chile";
				SDKROOT = iphoneos;
				SWIFT_EMIT_LOC_STRINGS = YES;
				SWIFT_VERSION = 5.0;
				TARGETED_DEVICE_FAMILY = 1;
				VALIDATE_PRODUCT = YES;
			};
			name = Release;
		};
		0DE9D00228070F1D00D3878C /* Debug */ = {
			isa = XCBuildConfiguration;
			buildSettings = {
				ALWAYS_EMBED_SWIFT_STANDARD_LIBRARIES = YES;
				CODE_SIGN_STYLE = Automatic;
				CURRENT_PROJECT_VERSION = 1;
				GENERATE_INFOPLIST_FILE = YES;
				IPHONEOS_DEPLOYMENT_TARGET = 15.2;
				MARKETING_VERSION = 1.0;
				PRODUCT_BUNDLE_IDENTIFIER = "com.bch.Tests-iOS";
				PRODUCT_NAME = "$(TARGET_NAME)";
				SDKROOT = iphoneos;
				SWIFT_EMIT_LOC_STRINGS = NO;
				SWIFT_VERSION = 5.0;
				TARGETED_DEVICE_FAMILY = "1,2";
				TEST_TARGET_NAME = "reddit-chile (iOS)";
			};
			name = Debug;
		};
		0DE9D00328070F1D00D3878C /* Release */ = {
			isa = XCBuildConfiguration;
			buildSettings = {
				ALWAYS_EMBED_SWIFT_STANDARD_LIBRARIES = YES;
				CODE_SIGN_STYLE = Automatic;
				CURRENT_PROJECT_VERSION = 1;
				GENERATE_INFOPLIST_FILE = YES;
				IPHONEOS_DEPLOYMENT_TARGET = 15.2;
				MARKETING_VERSION = 1.0;
				PRODUCT_BUNDLE_IDENTIFIER = "com.bch.Tests-iOS";
				PRODUCT_NAME = "$(TARGET_NAME)";
				SDKROOT = iphoneos;
				SWIFT_EMIT_LOC_STRINGS = NO;
				SWIFT_VERSION = 5.0;
				TARGETED_DEVICE_FAMILY = "1,2";
				TEST_TARGET_NAME = "reddit-chile (iOS)";
				VALIDATE_PRODUCT = YES;
			};
			name = Release;
		};
/* End XCBuildConfiguration section */

/* Begin XCConfigurationList section */
		0DE9CFC928070F1A00D3878C /* Build configuration list for PBXProject "reddit-chile" */ = {
			isa = XCConfigurationList;
			buildConfigurations = (
				0DE9CFF928070F1D00D3878C /* Debug */,
				0DE9CFFA28070F1D00D3878C /* Release */,
			);
			defaultConfigurationIsVisible = 0;
			defaultConfigurationName = Release;
		};
		0DE9CFFB28070F1D00D3878C /* Build configuration list for PBXNativeTarget "reddit-chile (iOS)" */ = {
			isa = XCConfigurationList;
			buildConfigurations = (
				0DE9CFFC28070F1D00D3878C /* Debug */,
				0DE9CFFD28070F1D00D3878C /* Release */,
			);
			defaultConfigurationIsVisible = 0;
			defaultConfigurationName = Release;
		};
		0DE9D00128070F1D00D3878C /* Build configuration list for PBXNativeTarget "Tests iOS" */ = {
			isa = XCConfigurationList;
			buildConfigurations = (
				0DE9D00228070F1D00D3878C /* Debug */,
				0DE9D00328070F1D00D3878C /* Release */,
			);
			defaultConfigurationIsVisible = 0;
			defaultConfigurationName = Release;
		};
/* End XCConfigurationList section */
	};
	rootObject = 0DE9CFC628070F1A00D3878C /* Project object */;
}
